// !$*UTF8*$!
{
	archiveVersion = 1;
	classes = {
	};
	objectVersion = 51;
	objects = {

/* Begin PBXBuildFile section */
		BEA268C2E8E0AECB8CE63CB8 /* Pods_VKNewsF1.framework in Frameworks */ = {isa = PBXBuildFile; fileRef = A53AE1C74C7F237F8601F8B5 /* Pods_VKNewsF1.framework */; };
		C90C57CE24E522EE005691B9 /* Constraints.swift in Sources */ = {isa = PBXBuildFile; fileRef = C90C57CD24E522EE005691B9 /* Constraints.swift */; };
		C90C57D024E52A61005691B9 /* Constants.swift in Sources */ = {isa = PBXBuildFile; fileRef = C90C57CF24E52A60005691B9 /* Constants.swift */; };
		C91457A024DD4A8C007EBED0 /* WebImageView.swift in Sources */ = {isa = PBXBuildFile; fileRef = C914579F24DD4A8C007EBED0 /* WebImageView.swift */; };
		C962F6A924D7EA4C00A3E64C /* AuthService.swift in Sources */ = {isa = PBXBuildFile; fileRef = C962F6A824D7EA4C00A3E64C /* AuthService.swift */; };
		C962F6AC24D7ED3C00A3E64C /* AuthViewController.storyboard in Resources */ = {isa = PBXBuildFile; fileRef = C962F6AB24D7ED3C00A3E64C /* AuthViewController.storyboard */; };
		C962F6B424D7FC5000A3E64C /* NetworkService.swift in Sources */ = {isa = PBXBuildFile; fileRef = C962F6B324D7FC5000A3E64C /* NetworkService.swift */; };
		C962F6B624D7FD6B00A3E64C /* API.swift in Sources */ = {isa = PBXBuildFile; fileRef = C962F6B524D7FD6B00A3E64C /* API.swift */; };
		C96BA81424DBE37200322431 /* NewsfeedPresenter.swift in Sources */ = {isa = PBXBuildFile; fileRef = C96BA80D24DBE37200322431 /* NewsfeedPresenter.swift */; };
		C96BA81524DBE37200322431 /* NewsfeedWorker.swift in Sources */ = {isa = PBXBuildFile; fileRef = C96BA80E24DBE37200322431 /* NewsfeedWorker.swift */; };
		C96BA81624DBE37200322431 /* NewsfeedRouter.swift in Sources */ = {isa = PBXBuildFile; fileRef = C96BA80F24DBE37200322431 /* NewsfeedRouter.swift */; };
		C96BA81724DBE37200322431 /* NewsfeedModels.swift in Sources */ = {isa = PBXBuildFile; fileRef = C96BA81024DBE37200322431 /* NewsfeedModels.swift */; };
		C96BA81824DBE37200322431 /* NewsfeedViewController.swift in Sources */ = {isa = PBXBuildFile; fileRef = C96BA81124DBE37200322431 /* NewsfeedViewController.swift */; };
		C96BA81924DBE37200322431 /* NewsfeedInteractor.swift in Sources */ = {isa = PBXBuildFile; fileRef = C96BA81224DBE37200322431 /* NewsfeedInteractor.swift */; };
		C96BA81C24DBE4A900322431 /* NewsfeedViewController.storyboard in Resources */ = {isa = PBXBuildFile; fileRef = C96BA81B24DBE4A900322431 /* NewsfeedViewController.storyboard */; };
		C96F10A024D725C100F9E3F1 /* AppDelegate.swift in Sources */ = {isa = PBXBuildFile; fileRef = C96F109F24D725C100F9E3F1 /* AppDelegate.swift */; };
		C96F10A224D725C100F9E3F1 /* SceneDelegate.swift in Sources */ = {isa = PBXBuildFile; fileRef = C96F10A124D725C100F9E3F1 /* SceneDelegate.swift */; };
		C96F10A424D725C100F9E3F1 /* AuthViewController.swift in Sources */ = {isa = PBXBuildFile; fileRef = C96F10A324D725C100F9E3F1 /* AuthViewController.swift */; };
		C96F10A924D725C300F9E3F1 /* Assets.xcassets in Resources */ = {isa = PBXBuildFile; fileRef = C96F10A824D725C300F9E3F1 /* Assets.xcassets */; };
		C96F10AC24D725C300F9E3F1 /* LaunchScreen.storyboard in Resources */ = {isa = PBXBuildFile; fileRef = C96F10AA24D725C300F9E3F1 /* LaunchScreen.storyboard */; };
		C975C49924D95A72005FB0E4 /* FeedResponse.swift in Sources */ = {isa = PBXBuildFile; fileRef = C975C49824D95A72005FB0E4 /* FeedResponse.swift */; };
		C9ADC2E124DA977200ACC606 /* NetworkDataFetcher.swift in Sources */ = {isa = PBXBuildFile; fileRef = C9ADC2E024DA977200ACC606 /* NetworkDataFetcher.swift */; };
		C9ADC2F324DAA28900ACC606 /* NewsfeedCell.swift in Sources */ = {isa = PBXBuildFile; fileRef = C9ADC2F224DAA28900ACC606 /* NewsfeedCell.swift */; };
		C9ADC2F524DAA30A00ACC606 /* NewsfeedCell.xib in Resources */ = {isa = PBXBuildFile; fileRef = C9ADC2F424DAA30A00ACC606 /* NewsfeedCell.xib */; };
		C9B9C36424E285E000124ABB /* NewsfeedCellLayoutCalculator.swift in Sources */ = {isa = PBXBuildFile; fileRef = C9B9C36324E285E000124ABB /* NewsfeedCellLayoutCalculator.swift */; };
		C9B9C36624E2934C00124ABB /* String + Height.swift in Sources */ = {isa = PBXBuildFile; fileRef = C9B9C36524E2934C00124ABB /* String + Height.swift */; };
		C9D893C724E3D657006380C7 /* UIViewController + Storyboard.swift in Sources */ = {isa = PBXBuildFile; fileRef = C9D893C624E3D657006380C7 /* UIViewController + Storyboard.swift */; };
		C9D893C924E3E03A006380C7 /* NewsfeedCodeCell.swift in Sources */ = {isa = PBXBuildFile; fileRef = C9D893C824E3E03A006380C7 /* NewsfeedCodeCell.swift */; };
/* End PBXBuildFile section */

/* Begin PBXFileReference section */
		A53AE1C74C7F237F8601F8B5 /* Pods_VKNewsF1.framework */ = {isa = PBXFileReference; explicitFileType = wrapper.framework; includeInIndex = 0; path = Pods_VKNewsF1.framework; sourceTree = BUILT_PRODUCTS_DIR; };
		AE8500812D14F05BAD747DAA /* Pods-VKNewsF1.release.xcconfig */ = {isa = PBXFileReference; includeInIndex = 1; lastKnownFileType = text.xcconfig; name = "Pods-VKNewsF1.release.xcconfig"; path = "Target Support Files/Pods-VKNewsF1/Pods-VKNewsF1.release.xcconfig"; sourceTree = "<group>"; };
		B0120C614CAF7F8D8FB497F9 /* Pods-VKNewsF1.debug.xcconfig */ = {isa = PBXFileReference; includeInIndex = 1; lastKnownFileType = text.xcconfig; name = "Pods-VKNewsF1.debug.xcconfig"; path = "Target Support Files/Pods-VKNewsF1/Pods-VKNewsF1.debug.xcconfig"; sourceTree = "<group>"; };
		C90C57CD24E522EE005691B9 /* Constraints.swift */ = {isa = PBXFileReference; lastKnownFileType = sourcecode.swift; path = Constraints.swift; sourceTree = "<group>"; };
		C90C57CF24E52A60005691B9 /* Constants.swift */ = {isa = PBXFileReference; lastKnownFileType = sourcecode.swift; path = Constants.swift; sourceTree = "<group>"; };
		C914579F24DD4A8C007EBED0 /* WebImageView.swift */ = {isa = PBXFileReference; lastKnownFileType = sourcecode.swift; path = WebImageView.swift; sourceTree = "<group>"; };
		C962F6A824D7EA4C00A3E64C /* AuthService.swift */ = {isa = PBXFileReference; lastKnownFileType = sourcecode.swift; path = AuthService.swift; sourceTree = "<group>"; };
		C962F6AB24D7ED3C00A3E64C /* AuthViewController.storyboard */ = {isa = PBXFileReference; lastKnownFileType = file.storyboard; path = AuthViewController.storyboard; sourceTree = "<group>"; };
		C962F6B324D7FC5000A3E64C /* NetworkService.swift */ = {isa = PBXFileReference; lastKnownFileType = sourcecode.swift; path = NetworkService.swift; sourceTree = "<group>"; };
		C962F6B524D7FD6B00A3E64C /* API.swift */ = {isa = PBXFileReference; lastKnownFileType = sourcecode.swift; path = API.swift; sourceTree = "<group>"; };
		C96BA80D24DBE37200322431 /* NewsfeedPresenter.swift */ = {isa = PBXFileReference; lastKnownFileType = sourcecode.swift; path = NewsfeedPresenter.swift; sourceTree = "<group>"; };
		C96BA80E24DBE37200322431 /* NewsfeedWorker.swift */ = {isa = PBXFileReference; lastKnownFileType = sourcecode.swift; path = NewsfeedWorker.swift; sourceTree = "<group>"; };
		C96BA80F24DBE37200322431 /* NewsfeedRouter.swift */ = {isa = PBXFileReference; lastKnownFileType = sourcecode.swift; path = NewsfeedRouter.swift; sourceTree = "<group>"; };
		C96BA81024DBE37200322431 /* NewsfeedModels.swift */ = {isa = PBXFileReference; lastKnownFileType = sourcecode.swift; path = NewsfeedModels.swift; sourceTree = "<group>"; };
		C96BA81124DBE37200322431 /* NewsfeedViewController.swift */ = {isa = PBXFileReference; lastKnownFileType = sourcecode.swift; path = NewsfeedViewController.swift; sourceTree = "<group>"; };
		C96BA81224DBE37200322431 /* NewsfeedInteractor.swift */ = {isa = PBXFileReference; lastKnownFileType = sourcecode.swift; path = NewsfeedInteractor.swift; sourceTree = "<group>"; };
		C96BA81B24DBE4A900322431 /* NewsfeedViewController.storyboard */ = {isa = PBXFileReference; lastKnownFileType = file.storyboard; path = NewsfeedViewController.storyboard; sourceTree = "<group>"; };
		C96F109C24D725C100F9E3F1 /* VKNewsF1.app */ = {isa = PBXFileReference; explicitFileType = wrapper.application; includeInIndex = 0; path = VKNewsF1.app; sourceTree = BUILT_PRODUCTS_DIR; };
		C96F109F24D725C100F9E3F1 /* AppDelegate.swift */ = {isa = PBXFileReference; lastKnownFileType = sourcecode.swift; path = AppDelegate.swift; sourceTree = "<group>"; };
		C96F10A124D725C100F9E3F1 /* SceneDelegate.swift */ = {isa = PBXFileReference; lastKnownFileType = sourcecode.swift; path = SceneDelegate.swift; sourceTree = "<group>"; };
		C96F10A324D725C100F9E3F1 /* AuthViewController.swift */ = {isa = PBXFileReference; lastKnownFileType = sourcecode.swift; path = AuthViewController.swift; sourceTree = "<group>"; };
		C96F10A824D725C300F9E3F1 /* Assets.xcassets */ = {isa = PBXFileReference; lastKnownFileType = folder.assetcatalog; path = Assets.xcassets; sourceTree = "<group>"; };
		C96F10AB24D725C300F9E3F1 /* Base */ = {isa = PBXFileReference; lastKnownFileType = file.storyboard; name = Base; path = Base.lproj/LaunchScreen.storyboard; sourceTree = "<group>"; };
		C96F10AD24D725C300F9E3F1 /* Info.plist */ = {isa = PBXFileReference; lastKnownFileType = text.plist.xml; path = Info.plist; sourceTree = "<group>"; };
		C975C49824D95A72005FB0E4 /* FeedResponse.swift */ = {isa = PBXFileReference; lastKnownFileType = sourcecode.swift; path = FeedResponse.swift; sourceTree = "<group>"; };
		C9ADC2E024DA977200ACC606 /* NetworkDataFetcher.swift */ = {isa = PBXFileReference; lastKnownFileType = sourcecode.swift; path = NetworkDataFetcher.swift; sourceTree = "<group>"; };
		C9ADC2F224DAA28900ACC606 /* NewsfeedCell.swift */ = {isa = PBXFileReference; lastKnownFileType = sourcecode.swift; path = NewsfeedCell.swift; sourceTree = "<group>"; };
		C9ADC2F424DAA30A00ACC606 /* NewsfeedCell.xib */ = {isa = PBXFileReference; lastKnownFileType = file.xib; path = NewsfeedCell.xib; sourceTree = "<group>"; };
		C9B9C36324E285E000124ABB /* NewsfeedCellLayoutCalculator.swift */ = {isa = PBXFileReference; lastKnownFileType = sourcecode.swift; path = NewsfeedCellLayoutCalculator.swift; sourceTree = "<group>"; };
		C9B9C36524E2934C00124ABB /* String + Height.swift */ = {isa = PBXFileReference; lastKnownFileType = sourcecode.swift; path = "String + Height.swift"; sourceTree = "<group>"; };
		C9D893C624E3D657006380C7 /* UIViewController + Storyboard.swift */ = {isa = PBXFileReference; lastKnownFileType = sourcecode.swift; path = "UIViewController + Storyboard.swift"; sourceTree = "<group>"; };
		C9D893C824E3E03A006380C7 /* NewsfeedCodeCell.swift */ = {isa = PBXFileReference; lastKnownFileType = sourcecode.swift; path = NewsfeedCodeCell.swift; sourceTree = "<group>"; };
/* End PBXFileReference section */

/* Begin PBXFrameworksBuildPhase section */
		C96F109924D725C100F9E3F1 /* Frameworks */ = {
			isa = PBXFrameworksBuildPhase;
			buildActionMask = 2147483647;
			files = (
				BEA268C2E8E0AECB8CE63CB8 /* Pods_VKNewsF1.framework in Frameworks */,
			);
			runOnlyForDeploymentPostprocessing = 0;
		};
/* End PBXFrameworksBuildPhase section */

/* Begin PBXGroup section */
		C8805565B103137286257133 /* Frameworks */ = {
			isa = PBXGroup;
			children = (
				A53AE1C74C7F237F8601F8B5 /* Pods_VKNewsF1.framework */,
			);
			name = Frameworks;
			sourceTree = "<group>";
		};
		C914579E24DD4A65007EBED0 /* Helpers */ = {
			isa = PBXGroup;
			children = (
				C914579F24DD4A8C007EBED0 /* WebImageView.swift */,
				C9D893C624E3D657006380C7 /* UIViewController + Storyboard.swift */,
				C9B9C36524E2934C00124ABB /* String + Height.swift */,
				C90C57CD24E522EE005691B9 /* Constraints.swift */,
			);
			path = Helpers;
			sourceTree = "<group>";
		};
		C962F6AA24D7EA5800A3E64C /* Services */ = {
			isa = PBXGroup;
			children = (
				C975C49724D95A56005FB0E4 /* Models */,
				C962F6A824D7EA4C00A3E64C /* AuthService.swift */,
				C962F6B324D7FC5000A3E64C /* NetworkService.swift */,
				C962F6B524D7FD6B00A3E64C /* API.swift */,
				C9ADC2E024DA977200ACC606 /* NetworkDataFetcher.swift */,
			);
			path = Services;
			sourceTree = "<group>";
		};
		C962F6B224D7F6AB00A3E64C /* AuthViewController */ = {
			isa = PBXGroup;
			children = (
				C96F10A324D725C100F9E3F1 /* AuthViewController.swift */,
				C962F6AB24D7ED3C00A3E64C /* AuthViewController.storyboard */,
			);
			path = AuthViewController;
			sourceTree = "<group>";
		};
		C96F109324D725C100F9E3F1 = {
			isa = PBXGroup;
			children = (
				C96F109E24D725C100F9E3F1 /* VKNewsF1 */,
				C96F109D24D725C100F9E3F1 /* Products */,
				EB02F2E71CC3B29CDBFF76CF /* Pods */,
				C8805565B103137286257133 /* Frameworks */,
			);
			sourceTree = "<group>";
		};
		C96F109D24D725C100F9E3F1 /* Products */ = {
			isa = PBXGroup;
			children = (
				C96F109C24D725C100F9E3F1 /* VKNewsF1.app */,
			);
			name = Products;
			sourceTree = "<group>";
		};
		C96F109E24D725C100F9E3F1 /* VKNewsF1 */ = {
			isa = PBXGroup;
			children = (
				C96F109F24D725C100F9E3F1 /* AppDelegate.swift */,
				C96F10A124D725C100F9E3F1 /* SceneDelegate.swift */,
				C962F6B224D7F6AB00A3E64C /* AuthViewController */,
				C962F6AA24D7EA5800A3E64C /* Services */,
				C9ADC2E224DA9EAC00ACC606 /* Newsfeed */,
				C96F10A824D725C300F9E3F1 /* Assets.xcassets */,
				C96F10AA24D725C300F9E3F1 /* LaunchScreen.storyboard */,
				C96F10AD24D725C300F9E3F1 /* Info.plist */,
			);
			path = VKNewsF1;
			sourceTree = "<group>";
		};
		C975C49724D95A56005FB0E4 /* Models */ = {
			isa = PBXGroup;
			children = (
				C975C49824D95A72005FB0E4 /* FeedResponse.swift */,
			);
			path = Models;
			sourceTree = "<group>";
		};
		C9ADC2E224DA9EAC00ACC606 /* Newsfeed */ = {
			isa = PBXGroup;
			children = (
				C9ADC2F124DAA27000ACC606 /* Cell */,
				C96BA81B24DBE4A900322431 /* NewsfeedViewController.storyboard */,
				C96BA81124DBE37200322431 /* NewsfeedViewController.swift */,
				C96BA81224DBE37200322431 /* NewsfeedInteractor.swift */,
				C96BA80D24DBE37200322431 /* NewsfeedPresenter.swift */,
				C96BA81024DBE37200322431 /* NewsfeedModels.swift */,
				C96BA80E24DBE37200322431 /* NewsfeedWorker.swift */,
				C96BA80F24DBE37200322431 /* NewsfeedRouter.swift */,
				C914579E24DD4A65007EBED0 /* Helpers */,
			);
			path = Newsfeed;
			sourceTree = "<group>";
		};
		C9ADC2F124DAA27000ACC606 /* Cell */ = {
			isa = PBXGroup;
			children = (
				C9B9C36324E285E000124ABB /* NewsfeedCellLayoutCalculator.swift */,
				C9ADC2F224DAA28900ACC606 /* NewsfeedCell.swift */,
				C9D893C824E3E03A006380C7 /* NewsfeedCodeCell.swift */,
				C9ADC2F424DAA30A00ACC606 /* NewsfeedCell.xib */,
				C90C57CF24E52A60005691B9 /* Constants.swift */,
			);
			path = Cell;
			sourceTree = "<group>";
		};
		EB02F2E71CC3B29CDBFF76CF /* Pods */ = {
			isa = PBXGroup;
			children = (
				B0120C614CAF7F8D8FB497F9 /* Pods-VKNewsF1.debug.xcconfig */,
				AE8500812D14F05BAD747DAA /* Pods-VKNewsF1.release.xcconfig */,
			);
			path = Pods;
			sourceTree = "<group>";
		};
/* End PBXGroup section */

/* Begin PBXNativeTarget section */
		C96F109B24D725C100F9E3F1 /* VKNewsF1 */ = {
			isa = PBXNativeTarget;
			buildConfigurationList = C96F10B024D725C300F9E3F1 /* Build configuration list for PBXNativeTarget "VKNewsF1" */;
			buildPhases = (
				328A272AC957B55BCC4B85D6 /* [CP] Check Pods Manifest.lock */,
				C96F109824D725C100F9E3F1 /* Sources */,
				C96F109924D725C100F9E3F1 /* Frameworks */,
				C96F109A24D725C100F9E3F1 /* Resources */,
				194FC0011E9FF92C72154706 /* [CP] Embed Pods Frameworks */,
			);
			buildRules = (
			);
			dependencies = (
			);
			name = VKNewsF1;
			productName = VKNewsF1;
			productReference = C96F109C24D725C100F9E3F1 /* VKNewsF1.app */;
			productType = "com.apple.product-type.application";
		};
/* End PBXNativeTarget section */

/* Begin PBXProject section */
		C96F109424D725C100F9E3F1 /* Project object */ = {
			isa = PBXProject;
			attributes = {
				LastSwiftUpdateCheck = 1150;
				LastUpgradeCheck = 1150;
				ORGANIZATIONNAME = F1xTeoNtTsS;
				TargetAttributes = {
					C96F109B24D725C100F9E3F1 = {
						CreatedOnToolsVersion = 11.5;
					};
				};
			};
			buildConfigurationList = C96F109724D725C100F9E3F1 /* Build configuration list for PBXProject "VKNewsF1" */;
			compatibilityVersion = "Xcode 9.3";
			developmentRegion = en;
			hasScannedForEncodings = 0;
			knownRegions = (
				en,
				Base,
			);
			mainGroup = C96F109324D725C100F9E3F1;
			productRefGroup = C96F109D24D725C100F9E3F1 /* Products */;
			projectDirPath = "";
			projectRoot = "";
			targets = (
				C96F109B24D725C100F9E3F1 /* VKNewsF1 */,
			);
		};
/* End PBXProject section */

/* Begin PBXResourcesBuildPhase section */
		C96F109A24D725C100F9E3F1 /* Resources */ = {
			isa = PBXResourcesBuildPhase;
			buildActionMask = 2147483647;
			files = (
				C96F10AC24D725C300F9E3F1 /* LaunchScreen.storyboard in Resources */,
				C9ADC2F524DAA30A00ACC606 /* NewsfeedCell.xib in Resources */,
				C96BA81C24DBE4A900322431 /* NewsfeedViewController.storyboard in Resources */,
				C962F6AC24D7ED3C00A3E64C /* AuthViewController.storyboard in Resources */,
				C96F10A924D725C300F9E3F1 /* Assets.xcassets in Resources */,
			);
			runOnlyForDeploymentPostprocessing = 0;
		};
/* End PBXResourcesBuildPhase section */

/* Begin PBXShellScriptBuildPhase section */
		194FC0011E9FF92C72154706 /* [CP] Embed Pods Frameworks */ = {
			isa = PBXShellScriptBuildPhase;
			buildActionMask = 2147483647;
			files = (
			);
			inputFileListPaths = (
				"${PODS_ROOT}/Target Support Files/Pods-VKNewsF1/Pods-VKNewsF1-frameworks-${CONFIGURATION}-input-files.xcfilelist",
			);
			name = "[CP] Embed Pods Frameworks";
			outputFileListPaths = (
				"${PODS_ROOT}/Target Support Files/Pods-VKNewsF1/Pods-VKNewsF1-frameworks-${CONFIGURATION}-output-files.xcfilelist",
			);
			runOnlyForDeploymentPostprocessing = 0;
			shellPath = /bin/sh;
			shellScript = "\"${PODS_ROOT}/Target Support Files/Pods-VKNewsF1/Pods-VKNewsF1-frameworks.sh\"\n";
			showEnvVarsInLog = 0;
		};
		328A272AC957B55BCC4B85D6 /* [CP] Check Pods Manifest.lock */ = {
			isa = PBXShellScriptBuildPhase;
			buildActionMask = 2147483647;
			files = (
			);
			inputFileListPaths = (
			);
			inputPaths = (
				"${PODS_PODFILE_DIR_PATH}/Podfile.lock",
				"${PODS_ROOT}/Manifest.lock",
			);
			name = "[CP] Check Pods Manifest.lock";
			outputFileListPaths = (
			);
			outputPaths = (
				"$(DERIVED_FILE_DIR)/Pods-VKNewsF1-checkManifestLockResult.txt",
			);
			runOnlyForDeploymentPostprocessing = 0;
			shellPath = /bin/sh;
			shellScript = "diff \"${PODS_PODFILE_DIR_PATH}/Podfile.lock\" \"${PODS_ROOT}/Manifest.lock\" > /dev/null\nif [ $? != 0 ] ; then\n    # print error to STDERR\n    echo \"error: The sandbox is not in sync with the Podfile.lock. Run 'pod install' or update your CocoaPods installation.\" >&2\n    exit 1\nfi\n# This output is used by Xcode 'outputs' to avoid re-running this script phase.\necho \"SUCCESS\" > \"${SCRIPT_OUTPUT_FILE_0}\"\n";
			showEnvVarsInLog = 0;
		};
/* End PBXShellScriptBuildPhase section */

/* Begin PBXSourcesBuildPhase section */
		C96F109824D725C100F9E3F1 /* Sources */ = {
			isa = PBXSourcesBuildPhase;
			buildActionMask = 2147483647;
			files = (
				C975C49924D95A72005FB0E4 /* FeedResponse.swift in Sources */,
				C90C57D024E52A61005691B9 /* Constants.swift in Sources */,
				C90C57CE24E522EE005691B9 /* Constraints.swift in Sources */,
				C9B9C36624E2934C00124ABB /* String + Height.swift in Sources */,
				C96F10A424D725C100F9E3F1 /* AuthViewController.swift in Sources */,
				C96F10A024D725C100F9E3F1 /* AppDelegate.swift in Sources */,
				C96F10A224D725C100F9E3F1 /* SceneDelegate.swift in Sources */,
				C96BA81824DBE37200322431 /* NewsfeedViewController.swift in Sources */,
				C9D893C724E3D657006380C7 /* UIViewController + Storyboard.swift in Sources */,
				C962F6B424D7FC5000A3E64C /* NetworkService.swift in Sources */,
				C96BA81524DBE37200322431 /* NewsfeedWorker.swift in Sources */,
				C96BA81624DBE37200322431 /* NewsfeedRouter.swift in Sources */,
				C96BA81424DBE37200322431 /* NewsfeedPresenter.swift in Sources */,
				C9B9C36424E285E000124ABB /* NewsfeedCellLayoutCalculator.swift in Sources */,
				C91457A024DD4A8C007EBED0 /* WebImageView.swift in Sources */,
				C9ADC2E124DA977200ACC606 /* NetworkDataFetcher.swift in Sources */,
				C962F6A924D7EA4C00A3E64C /* AuthService.swift in Sources */,
				C962F6B624D7FD6B00A3E64C /* API.swift in Sources */,
				C96BA81724DBE37200322431 /* NewsfeedModels.swift in Sources */,
				C9D893C924E3E03A006380C7 /* NewsfeedCodeCell.swift in Sources */,
				C9ADC2F324DAA28900ACC606 /* NewsfeedCell.swift in Sources */,
				C96BA81924DBE37200322431 /* NewsfeedInteractor.swift in Sources */,
			);
			runOnlyForDeploymentPostprocessing = 0;
		};
/* End PBXSourcesBuildPhase section */

/* Begin PBXVariantGroup section */
		C96F10AA24D725C300F9E3F1 /* LaunchScreen.storyboard */ = {
			isa = PBXVariantGroup;
			children = (
				C96F10AB24D725C300F9E3F1 /* Base */,
			);
			name = LaunchScreen.storyboard;
			sourceTree = "<group>";
		};
/* End PBXVariantGroup section */

/* Begin XCBuildConfiguration section */
		C96F10AE24D725C300F9E3F1 /* Debug */ = {
			isa = XCBuildConfiguration;
			buildSettings = {
				ALWAYS_SEARCH_USER_PATHS = NO;
				CLANG_ANALYZER_NONNULL = YES;
				CLANG_ANALYZER_NUMBER_OBJECT_CONVERSION = YES_AGGRESSIVE;
				CLANG_CXX_LANGUAGE_STANDARD = "gnu++14";
				CLANG_CXX_LIBRARY = "libc++";
				CLANG_ENABLE_MODULES = YES;
				CLANG_ENABLE_OBJC_ARC = YES;
				CLANG_ENABLE_OBJC_WEAK = YES;
				CLANG_WARN_BLOCK_CAPTURE_AUTORELEASING = YES;
				CLANG_WARN_BOOL_CONVERSION = YES;
				CLANG_WARN_COMMA = YES;
				CLANG_WARN_CONSTANT_CONVERSION = YES;
				CLANG_WARN_DEPRECATED_OBJC_IMPLEMENTATIONS = YES;
				CLANG_WARN_DIRECT_OBJC_ISA_USAGE = YES_ERROR;
				CLANG_WARN_DOCUMENTATION_COMMENTS = YES;
				CLANG_WARN_EMPTY_BODY = YES;
				CLANG_WARN_ENUM_CONVERSION = YES;
				CLANG_WARN_INFINITE_RECURSION = YES;
				CLANG_WARN_INT_CONVERSION = YES;
				CLANG_WARN_NON_LITERAL_NULL_CONVERSION = YES;
				CLANG_WARN_OBJC_IMPLICIT_RETAIN_SELF = YES;
				CLANG_WARN_OBJC_LITERAL_CONVERSION = YES;
				CLANG_WARN_OBJC_ROOT_CLASS = YES_ERROR;
				CLANG_WARN_RANGE_LOOP_ANALYSIS = YES;
				CLANG_WARN_STRICT_PROTOTYPES = YES;
				CLANG_WARN_SUSPICIOUS_MOVE = YES;
				CLANG_WARN_UNGUARDED_AVAILABILITY = YES_AGGRESSIVE;
				CLANG_WARN_UNREACHABLE_CODE = YES;
				CLANG_WARN__DUPLICATE_METHOD_MATCH = YES;
				COPY_PHASE_STRIP = NO;
				DEBUG_INFORMATION_FORMAT = dwarf;
				ENABLE_STRICT_OBJC_MSGSEND = YES;
				ENABLE_TESTABILITY = YES;
				GCC_C_LANGUAGE_STANDARD = gnu11;
				GCC_DYNAMIC_NO_PIC = NO;
				GCC_NO_COMMON_BLOCKS = YES;
				GCC_OPTIMIZATION_LEVEL = 0;
				GCC_PREPROCESSOR_DEFINITIONS = (
					"DEBUG=1",
					"$(inherited)",
				);
				GCC_WARN_64_TO_32_BIT_CONVERSION = YES;
				GCC_WARN_ABOUT_RETURN_TYPE = YES_ERROR;
				GCC_WARN_UNDECLARED_SELECTOR = YES;
				GCC_WARN_UNINITIALIZED_AUTOS = YES_AGGRESSIVE;
				GCC_WARN_UNUSED_FUNCTION = YES;
				GCC_WARN_UNUSED_VARIABLE = YES;
				IPHONEOS_DEPLOYMENT_TARGET = 13.5;
				MTL_ENABLE_DEBUG_INFO = INCLUDE_SOURCE;
				MTL_FAST_MATH = YES;
				ONLY_ACTIVE_ARCH = YES;
				SDKROOT = iphoneos;
				SWIFT_ACTIVE_COMPILATION_CONDITIONS = DEBUG;
				SWIFT_OPTIMIZATION_LEVEL = "-Onone";
			};
			name = Debug;
		};
		C96F10AF24D725C300F9E3F1 /* Release */ = {
			isa = XCBuildConfiguration;
			buildSettings = {
				ALWAYS_SEARCH_USER_PATHS = NO;
				CLANG_ANALYZER_NONNULL = YES;
				CLANG_ANALYZER_NUMBER_OBJECT_CONVERSION = YES_AGGRESSIVE;
				CLANG_CXX_LANGUAGE_STANDARD = "gnu++14";
				CLANG_CXX_LIBRARY = "libc++";
				CLANG_ENABLE_MODULES = YES;
				CLANG_ENABLE_OBJC_ARC = YES;
				CLANG_ENABLE_OBJC_WEAK = YES;
				CLANG_WARN_BLOCK_CAPTURE_AUTORELEASING = YES;
				CLANG_WARN_BOOL_CONVERSION = YES;
				CLANG_WARN_COMMA = YES;
				CLANG_WARN_CONSTANT_CONVERSION = YES;
				CLANG_WARN_DEPRECATED_OBJC_IMPLEMENTATIONS = YES;
				CLANG_WARN_DIRECT_OBJC_ISA_USAGE = YES_ERROR;
				CLANG_WARN_DOCUMENTATION_COMMENTS = YES;
				CLANG_WARN_EMPTY_BODY = YES;
				CLANG_WARN_ENUM_CONVERSION = YES;
				CLANG_WARN_INFINITE_RECURSION = YES;
				CLANG_WARN_INT_CONVERSION = YES;
				CLANG_WARN_NON_LITERAL_NULL_CONVERSION = YES;
				CLANG_WARN_OBJC_IMPLICIT_RETAIN_SELF = YES;
				CLANG_WARN_OBJC_LITERAL_CONVERSION = YES;
				CLANG_WARN_OBJC_ROOT_CLASS = YES_ERROR;
				CLANG_WARN_RANGE_LOOP_ANALYSIS = YES;
				CLANG_WARN_STRICT_PROTOTYPES = YES;
				CLANG_WARN_SUSPICIOUS_MOVE = YES;
				CLANG_WARN_UNGUARDED_AVAILABILITY = YES_AGGRESSIVE;
				CLANG_WARN_UNREACHABLE_CODE = YES;
				CLANG_WARN__DUPLICATE_METHOD_MATCH = YES;
				COPY_PHASE_STRIP = NO;
				DEBUG_INFORMATION_FORMAT = "dwarf-with-dsym";
				ENABLE_NS_ASSERTIONS = NO;
				ENABLE_STRICT_OBJC_MSGSEND = YES;
				GCC_C_LANGUAGE_STANDARD = gnu11;
				GCC_NO_COMMON_BLOCKS = YES;
				GCC_WARN_64_TO_32_BIT_CONVERSION = YES;
				GCC_WARN_ABOUT_RETURN_TYPE = YES_ERROR;
				GCC_WARN_UNDECLARED_SELECTOR = YES;
				GCC_WARN_UNINITIALIZED_AUTOS = YES_AGGRESSIVE;
				GCC_WARN_UNUSED_FUNCTION = YES;
				GCC_WARN_UNUSED_VARIABLE = YES;
				IPHONEOS_DEPLOYMENT_TARGET = 13.5;
				MTL_ENABLE_DEBUG_INFO = NO;
				MTL_FAST_MATH = YES;
				SDKROOT = iphoneos;
				SWIFT_COMPILATION_MODE = wholemodule;
				SWIFT_OPTIMIZATION_LEVEL = "-O";
				VALIDATE_PRODUCT = YES;
			};
			name = Release;
		};
		C96F10B124D725C300F9E3F1 /* Debug */ = {
			isa = XCBuildConfiguration;
			baseConfigurationReference = B0120C614CAF7F8D8FB497F9 /* Pods-VKNewsF1.debug.xcconfig */;
			buildSettings = {
				ASSETCATALOG_COMPILER_APPICON_NAME = AppIcon;
				CODE_SIGN_STYLE = Automatic;
				DEVELOPMENT_TEAM = GKZ7DJWHAN;
				INFOPLIST_FILE = VKNewsF1/Info.plist;
				LD_RUNPATH_SEARCH_PATHS = (
					"$(inherited)",
					"@executable_path/Frameworks",
				);
				PRODUCT_BUNDLE_IDENTIFIER = F1xTeoNtTsS.VKNewsF1;
				PRODUCT_NAME = "$(TARGET_NAME)";
				SWIFT_VERSION = 5.0;
				TARGETED_DEVICE_FAMILY = 1;
			};
			name = Debug;
		};
		C96F10B224D725C300F9E3F1 /* Release */ = {
			isa = XCBuildConfiguration;
			baseConfigurationReference = AE8500812D14F05BAD747DAA /* Pods-VKNewsF1.release.xcconfig */;
			buildSettings = {
				ASSETCATALOG_COMPILER_APPICON_NAME = AppIcon;
				CODE_SIGN_STYLE = Automatic;
				DEVELOPMENT_TEAM = GKZ7DJWHAN;
				INFOPLIST_FILE = VKNewsF1/Info.plist;
				LD_RUNPATH_SEARCH_PATHS = (
					"$(inherited)",
					"@executable_path/Frameworks",
				);
				PRODUCT_BUNDLE_IDENTIFIER = F1xTeoNtTsS.VKNewsF1;
				PRODUCT_NAME = "$(TARGET_NAME)";
				SWIFT_VERSION = 5.0;
				TARGETED_DEVICE_FAMILY = 1;
			};
			name = Release;
		};
/* End XCBuildConfiguration section */

/* Begin XCConfigurationList section */
		C96F109724D725C100F9E3F1 /* Build configuration list for PBXProject "VKNewsF1" */ = {
			isa = XCConfigurationList;
			buildConfigurations = (
				C96F10AE24D725C300F9E3F1 /* Debug */,
				C96F10AF24D725C300F9E3F1 /* Release */,
			);
			defaultConfigurationIsVisible = 0;
			defaultConfigurationName = Release;
		};
		C96F10B024D725C300F9E3F1 /* Build configuration list for PBXNativeTarget "VKNewsF1" */ = {
			isa = XCConfigurationList;
			buildConfigurations = (
				C96F10B124D725C300F9E3F1 /* Debug */,
				C96F10B224D725C300F9E3F1 /* Release */,
			);
			defaultConfigurationIsVisible = 0;
			defaultConfigurationName = Release;
		};
/* End XCConfigurationList section */
	};
	rootObject = C96F109424D725C100F9E3F1 /* Project object */;
}
